
Microsoft Visual Studio Solution File, Format Version 12.00
# Visual Studio Version 16
VisualStudioVersion = 16.0.30711.63
MinimumVisualStudioVersion = 10.0.40219.1
Project("{9A19103F-16F7-4668-BE54-9A1E7A4F7556}") = "66bitProject", "66bitProject.csproj", "{AD302429-29B9-4B0E-AA8B-8EB6C6773D7B}"
EndProject
Global
	GlobalSection(SolutionConfigurationPlatforms) = preSolution
		Debug|Any CPU = Debug|Any CPU
		Release|Any CPU = Release|Any CPU
	EndGlobalSection
	GlobalSection(ProjectConfigurationPlatforms) = postSolution
		{AD302429-29B9-4B0E-AA8B-8EB6C6773D7B}.Debug|Any CPU.ActiveCfg = Debug|Any CPU
		{AD302429-29B9-4B0E-AA8B-8EB6C6773D7B}.Debug|Any CPU.Build.0 = Debug|Any CPU
		{AD302429-29B9-4B0E-AA8B-8EB6C6773D7B}.Release|Any CPU.ActiveCfg = Release|Any CPU
		{AD302429-29B9-4B0E-AA8B-8EB6C6773D7B}.Release|Any CPU.Build.0 = Release|Any CPU
	EndGlobalSection
	GlobalSection(SolutionProperties) = preSolution
		HideSolutionNode = FALSE
	EndGlobalSection
	GlobalSection(ExtensibilityGlobals) = postSolution
		SolutionGuid = {8112D3DD-C33D-4294-A44E-A3DEC2E687AD}
	EndGlobalSection
EndGlobal
